
Microsoft Visual Studio Solution File, Format Version 12.00
# Visual Studio Version 17
VisualStudioVersion = 17.12.35527.113 d17.12
MinimumVisualStudioVersion = 10.0.40219.1
Project("{FAE04EC0-301F-11D3-BF4B-00C04F79EFBC}") = "CyberStone.Core", "..\..\slobber\CyberStone\CyberStone.Core\CyberStone.Core.csproj", "{1AD4D356-F60F-4B0A-B307-05F81C4B367A}"
EndProject
Project("{FAE04EC0-301F-11D3-BF4B-00C04F79EFBC}") = "SCenter", "SCenter\SCenter.csproj", "{FBE08A7B-ABC6-4AA9-913F-B192C29918DF}"
EndProject
Global
	GlobalSection(SolutionConfigurationPlatforms) = preSolution
		Debug|Any CPU = Debug|Any CPU
		Debug|x64 = Debug|x64
		Release|Any CPU = Release|Any CPU
		Release|x64 = Release|x64
	EndGlobalSection
	GlobalSection(ProjectConfigurationPlatforms) = postSolution
		{1AD4D356-F60F-4B0A-B307-05F81C4B367A}.Debug|Any CPU.ActiveCfg = Debug|Any CPU
		{1AD4D356-F60F-4B0A-B307-05F81C4B367A}.Debug|Any CPU.Build.0 = Debug|Any CPU
		{1AD4D356-F60F-4B0A-B307-05F81C4B367A}.Debug|x64.ActiveCfg = Debug|x64
		{1AD4D356-F60F-4B0A-B307-05F81C4B367A}.Debug|x64.Build.0 = Debug|x64
		{1AD4D356-F60F-4B0A-B307-05F81C4B367A}.Release|Any CPU.ActiveCfg = Release|Any CPU
		{1AD4D356-F60F-4B0A-B307-05F81C4B367A}.Release|Any CPU.Build.0 = Release|Any CPU
		{1AD4D356-F60F-4B0A-B307-05F81C4B367A}.Release|x64.ActiveCfg = Release|x64
		{1AD4D356-F60F-4B0A-B307-05F81C4B367A}.Release|x64.Build.0 = Release|x64
		{FBE08A7B-ABC6-4AA9-913F-B192C29918DF}.Debug|Any CPU.ActiveCfg = Debug|Any CPU
		{FBE08A7B-ABC6-4AA9-913F-B192C29918DF}.Debug|Any CPU.Build.0 = Debug|Any CPU
		{FBE08A7B-ABC6-4AA9-913F-B192C29918DF}.Debug|x64.ActiveCfg = Debug|Any CPU
		{FBE08A7B-ABC6-4AA9-913F-B192C29918DF}.Debug|x64.Build.0 = Debug|Any CPU
		{FBE08A7B-ABC6-4AA9-913F-B192C29918DF}.Release|Any CPU.ActiveCfg = Release|Any CPU
		{FBE08A7B-ABC6-4AA9-913F-B192C29918DF}.Release|Any CPU.Build.0 = Release|Any CPU
		{FBE08A7B-ABC6-4AA9-913F-B192C29918DF}.Release|x64.ActiveCfg = Release|Any CPU
		{FBE08A7B-ABC6-4AA9-913F-B192C29918DF}.Release|x64.Build.0 = Release|Any CPU
	EndGlobalSection
	GlobalSection(SolutionProperties) = preSolution
		HideSolutionNode = FALSE
	EndGlobalSection
EndGlobal
