
Microsoft Visual Studio Solution File, Format Version 12.00
# Visual Studio Version 17
VisualStudioVersion = 17.0.31521.260
MinimumVisualStudioVersion = 10.0.40219.1
Project("{9A19103F-16F7-4668-BE54-9A1E7A4F7556}") = "PureCode.Utils", "PureCode.Utils\PureCode.Utils.csproj", "{750A4AC9-E4B3-45DA-B8A2-98DA5C3B2300}"
EndProject
Project("{2150E333-8FDC-42A3-9474-1A3956D46DE8}") = "Utils", "Utils", "{D60D0FC2-7A2F-4E4E-9C21-CB96C03511B4}"
EndProject
Project("{9A19103F-16F7-4668-BE54-9A1E7A4F7556}") = "PureCode.ShortenUrl", "PureCode.ShortenUrl\PureCode.ShortenUrl.csproj", "{2BCFDA11-CFF4-461A-9762-B1331C5F04A2}"
EndProject
Project("{9A19103F-16F7-4668-BE54-9A1E7A4F7556}") = "PureCode.Security", "PureCode.Security\PureCode.Security.csproj", "{9E8BC580-DB1A-42C5-8D9C-D74E55F642E9}"
EndProject
Project("{2150E333-8FDC-42A3-9474-1A3956D46DE8}") = "WeChat", "WeChat", "{8C9CB3BC-531A-4424-9197-F3254E1BF894}"
EndProject
Project("{9A19103F-16F7-4668-BE54-9A1E7A4F7556}") = "PureCode.WeChat.Core", "PureCode.WeChat\Core\PureCode.WeChat.Core.csproj", "{3F54A01C-8AE9-4210-93A6-4B3DA7A070B1}"
EndProject
Project("{9A19103F-16F7-4668-BE54-9A1E7A4F7556}") = "PureCode.WeChat.Work", "PureCode.WeChat\Work\PureCode.WeChat.Work.csproj", "{040B2331-E763-4B6B-A6E1-6CF2931B6E38}"
EndProject
Project("{9A19103F-16F7-4668-BE54-9A1E7A4F7556}") = "PureCode.WeChat.MiniProgram", "PureCode.WeChat\MiniProgram\PureCode.WeChat.MiniProgram.csproj", "{3A35ECED-C517-48C4-AF3C-BC0A536A033C}"
EndProject
Project("{9A19103F-16F7-4668-BE54-9A1E7A4F7556}") = "PureCode.WeChat.Payment", "PureCode.WeChat\Payment\PureCode.WeChat.Payment.csproj", "{FEB4182E-80E0-4D54-B42F-A8251C0109BB}"
EndProject
Project("{9A19103F-16F7-4668-BE54-9A1E7A4F7556}") = "PureCode.AdminCommands", "PureCode.AdminCommands\PureCode.AdminCommands.csproj", "{C4C4D783-6769-45A1-B914-8D1059732A9E}"
EndProject
Project("{9A19103F-16F7-4668-BE54-9A1E7A4F7556}") = "PureCode.Core.TreeFeature", "PureCode.Core.TreeFeature\PureCode.Core.TreeFeature.csproj", "{A9A0D14D-D360-44AE-8CA2-9D56CF571A02}"
EndProject
Project("{9A19103F-16F7-4668-BE54-9A1E7A4F7556}") = "PureCode.Core.LicenseFeature", "PureCode.Core.LicenseFeature\PureCode.Core.LicenseFeature.csproj", "{85CAAF5A-30C8-4AFE-A634-9F310D8E4726}"
EndProject
Project("{9A19103F-16F7-4668-BE54-9A1E7A4F7556}") = "PureCode.Core.SettingFeature", "PureCode.Core.SettingFeature\PureCode.Core.SettingFeature.csproj", "{841789A1-5F8E-4C95-9F61-AD19A7A699E7}"
EndProject
Project("{9A19103F-16F7-4668-BE54-9A1E7A4F7556}") = "PureCode.Core.MenuFeature", "PureCode.Core.MenuFeature\PureCode.Core.MenuFeature.csproj", "{3C8C0396-216A-4EE7-9589-36B454C62283}"
EndProject
Project("{9A19103F-16F7-4668-BE54-9A1E7A4F7556}") = "PureCode.Core.ValueSpaceFeature", "PureCode.Core.ValueSpaceFeature\PureCode.Core.ValueSpaceFeature.csproj", "{494F918C-8537-4C95-9DF6-7CB2957DD334}"
EndProject
Project("{2150E333-8FDC-42A3-9474-1A3956D46DE8}") = "Features", "Features", "{04345D31-CD3F-4018-B8A1-C89D7E003F55}"
EndProject
Project("{9A19103F-16F7-4668-BE54-9A1E7A4F7556}") = "PureCode.Core.UtilityFeature", "PureCode.Core.UtilityFeature\PureCode.Core.UtilityFeature.csproj", "{7478114B-5AD2-4C45-8912-35F9B12EF95E}"
EndProject
Project("{9A19103F-16F7-4668-BE54-9A1E7A4F7556}") = "PureCode.Core.UserLogFeature", "PureCode.Core.UserLogFeature\PureCode.Core.UserLogFeature.csproj", "{9376C850-6168-40FB-AD32-71B4F80A438E}"
EndProject
Project("{9A19103F-16F7-4668-BE54-9A1E7A4F7556}") = "PureCode.Core.Kernel", "PureCode.Core.Kernel\PureCode.Core.Kernel.csproj", "{3A84BECB-AC70-4071-B969-2DD122938434}"
EndProject
Project("{9A19103F-16F7-4668-BE54-9A1E7A4F7556}") = "PureCode.Core.UserFeature", "PureCode.Core.UserFeature\PureCode.Core.UserFeature.csproj", "{79AC5210-7470-4830-85E4-174511107539}"
EndProject
Project("{2150E333-8FDC-42A3-9474-1A3956D46DE8}") = "Solution Items", "Solution Items", "{83FF291D-4B20-456B-AF29-CDFEE872486C}"
	ProjectSection(SolutionItems) = preProject
		.editorconfig = .editorconfig
	EndProjectSection
EndProject
Project("{2150E333-8FDC-42A3-9474-1A3956D46DE8}") = "Tests", "Tests", "{A5FA32EC-2662-4482-90F7-F73B76AC3ADD}"
EndProject
Project("{9A19103F-16F7-4668-BE54-9A1E7A4F7556}") = "TestUtilityFeature", "tests\TestUtilityFeature\TestUtilityFeature.csproj", "{25014F49-212A-4BC2-BFE4-98C32A1779F9}"
EndProject
Project("{9A19103F-16F7-4668-BE54-9A1E7A4F7556}") = "PureCode.Core.DepartmentFeature", "PureCode.Core.DepartmentFeature\PureCode.Core.DepartmentFeature.csproj", "{FE098C24-8686-4C02-95A6-20C3A4649E04}"
EndProject
Project("{FAE04EC0-301F-11D3-BF4B-00C04F79EFBC}") = "PureCode.Business.ApprovalFeature", "features\PureCode.Business.ApprovalFeature\PureCode.Business.ApprovalFeature.csproj", "{DBE8648A-A798-4DE7-AF55-6672C556308D}"
EndProject
Global
	GlobalSection(SolutionConfigurationPlatforms) = preSolution
		Debug|Any CPU = Debug|Any CPU
		Release|Any CPU = Release|Any CPU
	EndGlobalSection
	GlobalSection(ProjectConfigurationPlatforms) = postSolution
		{750A4AC9-E4B3-45DA-B8A2-98DA5C3B2300}.Debug|Any CPU.ActiveCfg = Debug|Any CPU
		{750A4AC9-E4B3-45DA-B8A2-98DA5C3B2300}.Debug|Any CPU.Build.0 = Debug|Any CPU
		{750A4AC9-E4B3-45DA-B8A2-98DA5C3B2300}.Release|Any CPU.ActiveCfg = Release|Any CPU
		{750A4AC9-E4B3-45DA-B8A2-98DA5C3B2300}.Release|Any CPU.Build.0 = Release|Any CPU
		{2BCFDA11-CFF4-461A-9762-B1331C5F04A2}.Debug|Any CPU.ActiveCfg = Debug|Any CPU
		{2BCFDA11-CFF4-461A-9762-B1331C5F04A2}.Debug|Any CPU.Build.0 = Debug|Any CPU
		{2BCFDA11-CFF4-461A-9762-B1331C5F04A2}.Release|Any CPU.ActiveCfg = Release|Any CPU
		{2BCFDA11-CFF4-461A-9762-B1331C5F04A2}.Release|Any CPU.Build.0 = Release|Any CPU
		{9E8BC580-DB1A-42C5-8D9C-D74E55F642E9}.Debug|Any CPU.ActiveCfg = Debug|Any CPU
		{9E8BC580-DB1A-42C5-8D9C-D74E55F642E9}.Debug|Any CPU.Build.0 = Debug|Any CPU
		{9E8BC580-DB1A-42C5-8D9C-D74E55F642E9}.Release|Any CPU.ActiveCfg = Release|Any CPU
		{9E8BC580-DB1A-42C5-8D9C-D74E55F642E9}.Release|Any CPU.Build.0 = Release|Any CPU
		{3F54A01C-8AE9-4210-93A6-4B3DA7A070B1}.Debug|Any CPU.ActiveCfg = Debug|Any CPU
		{3F54A01C-8AE9-4210-93A6-4B3DA7A070B1}.Debug|Any CPU.Build.0 = Debug|Any CPU
		{3F54A01C-8AE9-4210-93A6-4B3DA7A070B1}.Release|Any CPU.ActiveCfg = Release|Any CPU
		{3F54A01C-8AE9-4210-93A6-4B3DA7A070B1}.Release|Any CPU.Build.0 = Release|Any CPU
		{040B2331-E763-4B6B-A6E1-6CF2931B6E38}.Debug|Any CPU.ActiveCfg = Debug|Any CPU
		{040B2331-E763-4B6B-A6E1-6CF2931B6E38}.Debug|Any CPU.Build.0 = Debug|Any CPU
		{040B2331-E763-4B6B-A6E1-6CF2931B6E38}.Release|Any CPU.ActiveCfg = Release|Any CPU
		{040B2331-E763-4B6B-A6E1-6CF2931B6E38}.Release|Any CPU.Build.0 = Release|Any CPU
		{3A35ECED-C517-48C4-AF3C-BC0A536A033C}.Debug|Any CPU.ActiveCfg = Debug|Any CPU
		{3A35ECED-C517-48C4-AF3C-BC0A536A033C}.Debug|Any CPU.Build.0 = Debug|Any CPU
		{3A35ECED-C517-48C4-AF3C-BC0A536A033C}.Release|Any CPU.ActiveCfg = Release|Any CPU
		{3A35ECED-C517-48C4-AF3C-BC0A536A033C}.Release|Any CPU.Build.0 = Release|Any CPU
		{FEB4182E-80E0-4D54-B42F-A8251C0109BB}.Debug|Any CPU.ActiveCfg = Debug|Any CPU
		{FEB4182E-80E0-4D54-B42F-A8251C0109BB}.Debug|Any CPU.Build.0 = Debug|Any CPU
		{FEB4182E-80E0-4D54-B42F-A8251C0109BB}.Release|Any CPU.ActiveCfg = Release|Any CPU
		{FEB4182E-80E0-4D54-B42F-A8251C0109BB}.Release|Any CPU.Build.0 = Release|Any CPU
		{C4C4D783-6769-45A1-B914-8D1059732A9E}.Debug|Any CPU.ActiveCfg = Debug|Any CPU
		{C4C4D783-6769-45A1-B914-8D1059732A9E}.Debug|Any CPU.Build.0 = Debug|Any CPU
		{C4C4D783-6769-45A1-B914-8D1059732A9E}.Release|Any CPU.ActiveCfg = Release|Any CPU
		{C4C4D783-6769-45A1-B914-8D1059732A9E}.Release|Any CPU.Build.0 = Release|Any CPU
		{A9A0D14D-D360-44AE-8CA2-9D56CF571A02}.Debug|Any CPU.ActiveCfg = Debug|Any CPU
		{A9A0D14D-D360-44AE-8CA2-9D56CF571A02}.Debug|Any CPU.Build.0 = Debug|Any CPU
		{A9A0D14D-D360-44AE-8CA2-9D56CF571A02}.Release|Any CPU.ActiveCfg = Release|Any CPU
		{A9A0D14D-D360-44AE-8CA2-9D56CF571A02}.Release|Any CPU.Build.0 = Release|Any CPU
		{85CAAF5A-30C8-4AFE-A634-9F310D8E4726}.Debug|Any CPU.ActiveCfg = Debug|Any CPU
		{85CAAF5A-30C8-4AFE-A634-9F310D8E4726}.Debug|Any CPU.Build.0 = Debug|Any CPU
		{85CAAF5A-30C8-4AFE-A634-9F310D8E4726}.Release|Any CPU.ActiveCfg = Release|Any CPU
		{85CAAF5A-30C8-4AFE-A634-9F310D8E4726}.Release|Any CPU.Build.0 = Release|Any CPU
		{841789A1-5F8E-4C95-9F61-AD19A7A699E7}.Debug|Any CPU.ActiveCfg = Debug|Any CPU
		{841789A1-5F8E-4C95-9F61-AD19A7A699E7}.Debug|Any CPU.Build.0 = Debug|Any CPU
		{841789A1-5F8E-4C95-9F61-AD19A7A699E7}.Release|Any CPU.ActiveCfg = Release|Any CPU
		{841789A1-5F8E-4C95-9F61-AD19A7A699E7}.Release|Any CPU.Build.0 = Release|Any CPU
		{3C8C0396-216A-4EE7-9589-36B454C62283}.Debug|Any CPU.ActiveCfg = Debug|Any CPU
		{3C8C0396-216A-4EE7-9589-36B454C62283}.Debug|Any CPU.Build.0 = Debug|Any CPU
		{3C8C0396-216A-4EE7-9589-36B454C62283}.Release|Any CPU.ActiveCfg = Release|Any CPU
		{3C8C0396-216A-4EE7-9589-36B454C62283}.Release|Any CPU.Build.0 = Release|Any CPU
		{494F918C-8537-4C95-9DF6-7CB2957DD334}.Debug|Any CPU.ActiveCfg = Debug|Any CPU
		{494F918C-8537-4C95-9DF6-7CB2957DD334}.Debug|Any CPU.Build.0 = Debug|Any CPU
		{494F918C-8537-4C95-9DF6-7CB2957DD334}.Release|Any CPU.ActiveCfg = Release|Any CPU
		{494F918C-8537-4C95-9DF6-7CB2957DD334}.Release|Any CPU.Build.0 = Release|Any CPU
		{7478114B-5AD2-4C45-8912-35F9B12EF95E}.Debug|Any CPU.ActiveCfg = Debug|Any CPU
		{7478114B-5AD2-4C45-8912-35F9B12EF95E}.Debug|Any CPU.Build.0 = Debug|Any CPU
		{7478114B-5AD2-4C45-8912-35F9B12EF95E}.Release|Any CPU.ActiveCfg = Release|Any CPU
		{7478114B-5AD2-4C45-8912-35F9B12EF95E}.Release|Any CPU.Build.0 = Release|Any CPU
		{9376C850-6168-40FB-AD32-71B4F80A438E}.Debug|Any CPU.ActiveCfg = Debug|Any CPU
		{9376C850-6168-40FB-AD32-71B4F80A438E}.Debug|Any CPU.Build.0 = Debug|Any CPU
		{9376C850-6168-40FB-AD32-71B4F80A438E}.Release|Any CPU.ActiveCfg = Release|Any CPU
		{9376C850-6168-40FB-AD32-71B4F80A438E}.Release|Any CPU.Build.0 = Release|Any CPU
		{3A84BECB-AC70-4071-B969-2DD122938434}.Debug|Any CPU.ActiveCfg = Debug|Any CPU
		{3A84BECB-AC70-4071-B969-2DD122938434}.Debug|Any CPU.Build.0 = Debug|Any CPU
		{3A84BECB-AC70-4071-B969-2DD122938434}.Release|Any CPU.ActiveCfg = Release|Any CPU
		{3A84BECB-AC70-4071-B969-2DD122938434}.Release|Any CPU.Build.0 = Release|Any CPU
		{79AC5210-7470-4830-85E4-174511107539}.Debug|Any CPU.ActiveCfg = Debug|Any CPU
		{79AC5210-7470-4830-85E4-174511107539}.Debug|Any CPU.Build.0 = Debug|Any CPU
		{79AC5210-7470-4830-85E4-174511107539}.Release|Any CPU.ActiveCfg = Release|Any CPU
		{79AC5210-7470-4830-85E4-174511107539}.Release|Any CPU.Build.0 = Release|Any CPU
		{25014F49-212A-4BC2-BFE4-98C32A1779F9}.Debug|Any CPU.ActiveCfg = Debug|Any CPU
		{25014F49-212A-4BC2-BFE4-98C32A1779F9}.Debug|Any CPU.Build.0 = Debug|Any CPU
		{25014F49-212A-4BC2-BFE4-98C32A1779F9}.Release|Any CPU.ActiveCfg = Release|Any CPU
		{25014F49-212A-4BC2-BFE4-98C32A1779F9}.Release|Any CPU.Build.0 = Release|Any CPU
		{FE098C24-8686-4C02-95A6-20C3A4649E04}.Debug|Any CPU.ActiveCfg = Debug|Any CPU
		{FE098C24-8686-4C02-95A6-20C3A4649E04}.Debug|Any CPU.Build.0 = Debug|Any CPU
		{FE098C24-8686-4C02-95A6-20C3A4649E04}.Release|Any CPU.ActiveCfg = Release|Any CPU
		{FE098C24-8686-4C02-95A6-20C3A4649E04}.Release|Any CPU.Build.0 = Release|Any CPU
		{DBE8648A-A798-4DE7-AF55-6672C556308D}.Debug|Any CPU.ActiveCfg = Debug|Any CPU
		{DBE8648A-A798-4DE7-AF55-6672C556308D}.Debug|Any CPU.Build.0 = Debug|Any CPU
		{DBE8648A-A798-4DE7-AF55-6672C556308D}.Release|Any CPU.ActiveCfg = Release|Any CPU
		{DBE8648A-A798-4DE7-AF55-6672C556308D}.Release|Any CPU.Build.0 = Release|Any CPU
	EndGlobalSection
	GlobalSection(SolutionProperties) = preSolution
		HideSolutionNode = FALSE
	EndGlobalSection
	GlobalSection(NestedProjects) = preSolution
		{2BCFDA11-CFF4-461A-9762-B1331C5F04A2} = {D60D0FC2-7A2F-4E4E-9C21-CB96C03511B4}
		{3F54A01C-8AE9-4210-93A6-4B3DA7A070B1} = {8C9CB3BC-531A-4424-9197-F3254E1BF894}
		{040B2331-E763-4B6B-A6E1-6CF2931B6E38} = {8C9CB3BC-531A-4424-9197-F3254E1BF894}
		{3A35ECED-C517-48C4-AF3C-BC0A536A033C} = {8C9CB3BC-531A-4424-9197-F3254E1BF894}
		{FEB4182E-80E0-4D54-B42F-A8251C0109BB} = {8C9CB3BC-531A-4424-9197-F3254E1BF894}
		{A9A0D14D-D360-44AE-8CA2-9D56CF571A02} = {04345D31-CD3F-4018-B8A1-C89D7E003F55}
		{85CAAF5A-30C8-4AFE-A634-9F310D8E4726} = {04345D31-CD3F-4018-B8A1-C89D7E003F55}
		{841789A1-5F8E-4C95-9F61-AD19A7A699E7} = {04345D31-CD3F-4018-B8A1-C89D7E003F55}
		{3C8C0396-216A-4EE7-9589-36B454C62283} = {04345D31-CD3F-4018-B8A1-C89D7E003F55}
		{494F918C-8537-4C95-9DF6-7CB2957DD334} = {04345D31-CD3F-4018-B8A1-C89D7E003F55}
		{7478114B-5AD2-4C45-8912-35F9B12EF95E} = {04345D31-CD3F-4018-B8A1-C89D7E003F55}
		{9376C850-6168-40FB-AD32-71B4F80A438E} = {04345D31-CD3F-4018-B8A1-C89D7E003F55}
		{79AC5210-7470-4830-85E4-174511107539} = {04345D31-CD3F-4018-B8A1-C89D7E003F55}
		{25014F49-212A-4BC2-BFE4-98C32A1779F9} = {A5FA32EC-2662-4482-90F7-F73B76AC3ADD}
		{FE098C24-8686-4C02-95A6-20C3A4649E04} = {04345D31-CD3F-4018-B8A1-C89D7E003F55}
		{DBE8648A-A798-4DE7-AF55-6672C556308D} = {04345D31-CD3F-4018-B8A1-C89D7E003F55}
	EndGlobalSection
	GlobalSection(ExtensibilityGlobals) = postSolution
		SolutionGuid = {2D95028C-A842-42A3-8C71-035A2EDA1BF2}
	EndGlobalSection
EndGlobal
