
Microsoft Visual Studio Solution File, Format Version 12.00
# Visual Studio Version 17
VisualStudioVersion = 17.12.35527.113
MinimumVisualStudioVersion = 10.0.40219.1
Project("{FAE04EC0-301F-11D3-BF4B-00C04F79EFBC}") = "Internal", "Internal\Internal.csproj", "{4304AD5C-ED35-4781-A231-F372BEDD19E8}"
EndProject
Project("{2150E333-8FDC-42A3-9474-1A3956D46DE8}") = "References", "References", "{C599AFB5-9971-4A34-AFA8-97B033CF7BF3}"
EndProject
Project("{2150E333-8FDC-42A3-9474-1A3956D46DE8}") = "Biz", "Biz", "{83BD8FA9-668B-4F22-B877-EABA9024E4FB}"
EndProject
Project("{FAE04EC0-301F-11D3-BF4B-00C04F79EFBC}") = "PureCode.Core.Kernel", "src\PureCode.Core.Kernel\PureCode.Core.Kernel.csproj", "{7A492A60-8956-47B7-989F-823BA48C833E}"
EndProject
Project("{FAE04EC0-301F-11D3-BF4B-00C04F79EFBC}") = "PureCode.Utils", "src\PureCode.Utils\PureCode.Utils.csproj", "{21D8D265-6FDE-4F59-A715-ADBF22A4B847}"
EndProject
Project("{FAE04EC0-301F-11D3-BF4B-00C04F79EFBC}") = "PureCode.Core.DepartmentFeature", "src\PureCode.Core.DepartmentFeature\PureCode.Core.DepartmentFeature.csproj", "{7254C921-26E9-4ED3-92D6-2B617A4DBF06}"
EndProject
Project("{FAE04EC0-301F-11D3-BF4B-00C04F79EFBC}") = "PureCode.Core.MenuFeature", "src\PureCode.Core.MenuFeature\PureCode.Core.MenuFeature.csproj", "{FC540DEA-2092-4FFC-A46D-8F050CE02583}"
EndProject
Project("{FAE04EC0-301F-11D3-BF4B-00C04F79EFBC}") = "PureCode.Core.TreeFeature", "src\PureCode.Core.TreeFeature\PureCode.Core.TreeFeature.csproj", "{A17DECCB-D643-4817-B6AF-F6AF8657D7F0}"
EndProject
Project("{FAE04EC0-301F-11D3-BF4B-00C04F79EFBC}") = "PureCode.Core.SettingFeature", "src\PureCode.Core.SettingFeature\PureCode.Core.SettingFeature.csproj", "{0F260A8A-36D1-4846-96AF-5CD41362841A}"
EndProject
Project("{FAE04EC0-301F-11D3-BF4B-00C04F79EFBC}") = "PureCode.FileCache", "src\PureCode.FileCache\PureCode.FileCache.csproj", "{A224BD92-184B-40CC-AE3F-D5F6519001DC}"
EndProject
Project("{FAE04EC0-301F-11D3-BF4B-00C04F79EFBC}") = "PureCode.Core.UserLogFeature", "src\PureCode.Core.UserLogFeature\PureCode.Core.UserLogFeature.csproj", "{FB7774FD-17C4-439C-9DA1-79EE01717276}"
EndProject
Project("{FAE04EC0-301F-11D3-BF4B-00C04F79EFBC}") = "PureCode.Core.ValueSpaceFeature", "src\PureCode.Core.ValueSpaceFeature\PureCode.Core.ValueSpaceFeature.csproj", "{B9B301A0-BF5B-48E9-B57F-29142E96E34E}"
EndProject
Project("{FAE04EC0-301F-11D3-BF4B-00C04F79EFBC}") = "PureCode.Core.UtilityFeature", "src\PureCode.Core.UtilityFeature\PureCode.Core.UtilityFeature.csproj", "{B3B9FC1B-EF2E-42E3-9632-F6EF43533358}"
EndProject
Project("{FAE04EC0-301F-11D3-BF4B-00C04F79EFBC}") = "PureCode.Core.UserFeature", "src\PureCode.Core.UserFeature\PureCode.Core.UserFeature.csproj", "{D95C39F4-47F4-4580-B068-3747DCC9A409}"
EndProject
Project("{FAE04EC0-301F-11D3-BF4B-00C04F79EFBC}") = "Approval_Net8", "..\Approval_Net8\Approval_Net8.csproj", "{9067860D-A303-4A0B-A1C7-C660B653F6A3}"
EndProject
Global
	GlobalSection(SolutionConfigurationPlatforms) = preSolution
		Debug|Any CPU = Debug|Any CPU
		Release|Any CPU = Release|Any CPU
	EndGlobalSection
	GlobalSection(ProjectConfigurationPlatforms) = postSolution
		{4304AD5C-ED35-4781-A231-F372BEDD19E8}.Debug|Any CPU.ActiveCfg = Debug|Any CPU
		{4304AD5C-ED35-4781-A231-F372BEDD19E8}.Debug|Any CPU.Build.0 = Debug|Any CPU
		{4304AD5C-ED35-4781-A231-F372BEDD19E8}.Release|Any CPU.ActiveCfg = Release|Any CPU
		{4304AD5C-ED35-4781-A231-F372BEDD19E8}.Release|Any CPU.Build.0 = Release|Any CPU
		{7A492A60-8956-47B7-989F-823BA48C833E}.Debug|Any CPU.ActiveCfg = Debug|Any CPU
		{7A492A60-8956-47B7-989F-823BA48C833E}.Debug|Any CPU.Build.0 = Debug|Any CPU
		{7A492A60-8956-47B7-989F-823BA48C833E}.Release|Any CPU.ActiveCfg = Release|Any CPU
		{7A492A60-8956-47B7-989F-823BA48C833E}.Release|Any CPU.Build.0 = Release|Any CPU
		{21D8D265-6FDE-4F59-A715-ADBF22A4B847}.Debug|Any CPU.ActiveCfg = Debug|Any CPU
		{21D8D265-6FDE-4F59-A715-ADBF22A4B847}.Debug|Any CPU.Build.0 = Debug|Any CPU
		{21D8D265-6FDE-4F59-A715-ADBF22A4B847}.Release|Any CPU.ActiveCfg = Release|Any CPU
		{21D8D265-6FDE-4F59-A715-ADBF22A4B847}.Release|Any CPU.Build.0 = Release|Any CPU
		{7254C921-26E9-4ED3-92D6-2B617A4DBF06}.Debug|Any CPU.ActiveCfg = Debug|Any CPU
		{7254C921-26E9-4ED3-92D6-2B617A4DBF06}.Debug|Any CPU.Build.0 = Debug|Any CPU
		{7254C921-26E9-4ED3-92D6-2B617A4DBF06}.Release|Any CPU.ActiveCfg = Release|Any CPU
		{7254C921-26E9-4ED3-92D6-2B617A4DBF06}.Release|Any CPU.Build.0 = Release|Any CPU
		{FC540DEA-2092-4FFC-A46D-8F050CE02583}.Debug|Any CPU.ActiveCfg = Debug|Any CPU
		{FC540DEA-2092-4FFC-A46D-8F050CE02583}.Debug|Any CPU.Build.0 = Debug|Any CPU
		{FC540DEA-2092-4FFC-A46D-8F050CE02583}.Release|Any CPU.ActiveCfg = Release|Any CPU
		{FC540DEA-2092-4FFC-A46D-8F050CE02583}.Release|Any CPU.Build.0 = Release|Any CPU
		{A17DECCB-D643-4817-B6AF-F6AF8657D7F0}.Debug|Any CPU.ActiveCfg = Debug|Any CPU
		{A17DECCB-D643-4817-B6AF-F6AF8657D7F0}.Debug|Any CPU.Build.0 = Debug|Any CPU
		{A17DECCB-D643-4817-B6AF-F6AF8657D7F0}.Release|Any CPU.ActiveCfg = Release|Any CPU
		{A17DECCB-D643-4817-B6AF-F6AF8657D7F0}.Release|Any CPU.Build.0 = Release|Any CPU
		{0F260A8A-36D1-4846-96AF-5CD41362841A}.Debug|Any CPU.ActiveCfg = Debug|Any CPU
		{0F260A8A-36D1-4846-96AF-5CD41362841A}.Debug|Any CPU.Build.0 = Debug|Any CPU
		{0F260A8A-36D1-4846-96AF-5CD41362841A}.Release|Any CPU.ActiveCfg = Release|Any CPU
		{0F260A8A-36D1-4846-96AF-5CD41362841A}.Release|Any CPU.Build.0 = Release|Any CPU
		{A224BD92-184B-40CC-AE3F-D5F6519001DC}.Debug|Any CPU.ActiveCfg = Debug|Any CPU
		{A224BD92-184B-40CC-AE3F-D5F6519001DC}.Debug|Any CPU.Build.0 = Debug|Any CPU
		{A224BD92-184B-40CC-AE3F-D5F6519001DC}.Release|Any CPU.ActiveCfg = Release|Any CPU
		{A224BD92-184B-40CC-AE3F-D5F6519001DC}.Release|Any CPU.Build.0 = Release|Any CPU
		{FB7774FD-17C4-439C-9DA1-79EE01717276}.Debug|Any CPU.ActiveCfg = Debug|Any CPU
		{FB7774FD-17C4-439C-9DA1-79EE01717276}.Debug|Any CPU.Build.0 = Debug|Any CPU
		{FB7774FD-17C4-439C-9DA1-79EE01717276}.Release|Any CPU.ActiveCfg = Release|Any CPU
		{FB7774FD-17C4-439C-9DA1-79EE01717276}.Release|Any CPU.Build.0 = Release|Any CPU
		{B9B301A0-BF5B-48E9-B57F-29142E96E34E}.Debug|Any CPU.ActiveCfg = Debug|Any CPU
		{B9B301A0-BF5B-48E9-B57F-29142E96E34E}.Debug|Any CPU.Build.0 = Debug|Any CPU
		{B9B301A0-BF5B-48E9-B57F-29142E96E34E}.Release|Any CPU.ActiveCfg = Release|Any CPU
		{B9B301A0-BF5B-48E9-B57F-29142E96E34E}.Release|Any CPU.Build.0 = Release|Any CPU
		{B3B9FC1B-EF2E-42E3-9632-F6EF43533358}.Debug|Any CPU.ActiveCfg = Debug|Any CPU
		{B3B9FC1B-EF2E-42E3-9632-F6EF43533358}.Debug|Any CPU.Build.0 = Debug|Any CPU
		{B3B9FC1B-EF2E-42E3-9632-F6EF43533358}.Release|Any CPU.ActiveCfg = Release|Any CPU
		{B3B9FC1B-EF2E-42E3-9632-F6EF43533358}.Release|Any CPU.Build.0 = Release|Any CPU
		{D95C39F4-47F4-4580-B068-3747DCC9A409}.Debug|Any CPU.ActiveCfg = Debug|Any CPU
		{D95C39F4-47F4-4580-B068-3747DCC9A409}.Debug|Any CPU.Build.0 = Debug|Any CPU
		{D95C39F4-47F4-4580-B068-3747DCC9A409}.Release|Any CPU.ActiveCfg = Release|Any CPU
		{D95C39F4-47F4-4580-B068-3747DCC9A409}.Release|Any CPU.Build.0 = Release|Any CPU
		{9067860D-A303-4A0B-A1C7-C660B653F6A3}.Debug|Any CPU.ActiveCfg = Debug|Any CPU
		{9067860D-A303-4A0B-A1C7-C660B653F6A3}.Debug|Any CPU.Build.0 = Debug|Any CPU
		{9067860D-A303-4A0B-A1C7-C660B653F6A3}.Release|Any CPU.ActiveCfg = Release|Any CPU
		{9067860D-A303-4A0B-A1C7-C660B653F6A3}.Release|Any CPU.Build.0 = Release|Any CPU
	EndGlobalSection
	GlobalSection(SolutionProperties) = preSolution
		HideSolutionNode = FALSE
	EndGlobalSection
	GlobalSection(NestedProjects) = preSolution
		{7A492A60-8956-47B7-989F-823BA48C833E} = {C599AFB5-9971-4A34-AFA8-97B033CF7BF3}
		{21D8D265-6FDE-4F59-A715-ADBF22A4B847} = {C599AFB5-9971-4A34-AFA8-97B033CF7BF3}
		{7254C921-26E9-4ED3-92D6-2B617A4DBF06} = {C599AFB5-9971-4A34-AFA8-97B033CF7BF3}
		{FC540DEA-2092-4FFC-A46D-8F050CE02583} = {C599AFB5-9971-4A34-AFA8-97B033CF7BF3}
		{A17DECCB-D643-4817-B6AF-F6AF8657D7F0} = {C599AFB5-9971-4A34-AFA8-97B033CF7BF3}
		{0F260A8A-36D1-4846-96AF-5CD41362841A} = {C599AFB5-9971-4A34-AFA8-97B033CF7BF3}
		{A224BD92-184B-40CC-AE3F-D5F6519001DC} = {C599AFB5-9971-4A34-AFA8-97B033CF7BF3}
		{FB7774FD-17C4-439C-9DA1-79EE01717276} = {C599AFB5-9971-4A34-AFA8-97B033CF7BF3}
		{B9B301A0-BF5B-48E9-B57F-29142E96E34E} = {C599AFB5-9971-4A34-AFA8-97B033CF7BF3}
		{B3B9FC1B-EF2E-42E3-9632-F6EF43533358} = {C599AFB5-9971-4A34-AFA8-97B033CF7BF3}
		{D95C39F4-47F4-4580-B068-3747DCC9A409} = {C599AFB5-9971-4A34-AFA8-97B033CF7BF3}
		{9067860D-A303-4A0B-A1C7-C660B653F6A3} = {83BD8FA9-668B-4F22-B877-EABA9024E4FB}
	EndGlobalSection
EndGlobal
